
Microsoft Visual Studio Solution File, Format Version 12.00
Project("{FAE04EC0-301F-11D3-BF4B-00C04F79EFBC}") = "Mediporta", "Mediporta\Mediporta.csproj", "{69E57D36-6FCE-45B3-9412-7C29C45F0A17}"
EndProject
Project("{2150E333-8FDC-42A3-9474-1A3956D46DE8}") = "Solution Items", "Solution Items", "{16266FD2-99E1-4D48-8313-B0351C8E5621}"
	ProjectSection(SolutionItems) = preProject
		docker-compose.yml = docker-compose.yml
	EndProjectSection
EndProject
Project("{FAE04EC0-301F-11D3-BF4B-00C04F79EFBC}") = "Mediporta.Tests", "Mediporta.Tests\Mediporta.Tests.csproj", "{177C0227-3AB0-42C8-92E1-1F4B9F4A3471}"
EndProject
Global
	GlobalSection(SolutionConfigurationPlatforms) = preSolution
		Debug|Any CPU = Debug|Any CPU
		Release|Any CPU = Release|Any CPU
	EndGlobalSection
	GlobalSection(ProjectConfigurationPlatforms) = postSolution
		{69E57D36-6FCE-45B3-9412-7C29C45F0A17}.Debug|Any CPU.ActiveCfg = Debug|Any CPU
		{69E57D36-6FCE-45B3-9412-7C29C45F0A17}.Debug|Any CPU.Build.0 = Debug|Any CPU
		{69E57D36-6FCE-45B3-9412-7C29C45F0A17}.Release|Any CPU.ActiveCfg = Release|Any CPU
		{69E57D36-6FCE-45B3-9412-7C29C45F0A17}.Release|Any CPU.Build.0 = Release|Any CPU
		{177C0227-3AB0-42C8-92E1-1F4B9F4A3471}.Debug|Any CPU.ActiveCfg = Debug|Any CPU
		{177C0227-3AB0-42C8-92E1-1F4B9F4A3471}.Debug|Any CPU.Build.0 = Debug|Any CPU
		{177C0227-3AB0-42C8-92E1-1F4B9F4A3471}.Release|Any CPU.ActiveCfg = Release|Any CPU
		{177C0227-3AB0-42C8-92E1-1F4B9F4A3471}.Release|Any CPU.Build.0 = Release|Any CPU
	EndGlobalSection
EndGlobal
